
Microsoft Visual Studio Solution File, Format Version 12.00
# Visual Studio Version 17
VisualStudioVersion = 17.7.34221.43
MinimumVisualStudioVersion = 10.0.40219.1
Project("{FAE04EC0-301F-11D3-BF4B-00C04F79EFBC}") = "2048", "2048.csproj", "{265AD426-C9BC-4C87-807E-5937B45151DD}"
EndProject
Global
	GlobalSection(SolutionConfigurationPlatforms) = preSolution
		Debug|Any CPU = Debug|Any CPU
		Release|Any CPU = Release|Any CPU
	EndGlobalSection
	GlobalSection(ProjectConfigurationPlatforms) = postSolution
		{265AD426-C9BC-4C87-807E-5937B45151DD}.Debug|Any CPU.ActiveCfg = Debug|Any CPU
		{265AD426-C9BC-4C87-807E-5937B45151DD}.Debug|Any CPU.Build.0 = Debug|Any CPU
		{265AD426-C9BC-4C87-807E-5937B45151DD}.Release|Any CPU.ActiveCfg = Release|Any CPU
		{265AD426-C9BC-4C87-807E-5937B45151DD}.Release|Any CPU.Build.0 = Release|Any CPU
	EndGlobalSection
	GlobalSection(SolutionProperties) = preSolution
		HideSolutionNode = FALSE
	EndGlobalSection
	GlobalSection(ExtensibilityGlobals) = postSolution
		SolutionGuid = {DA632212-9EFF-4614-8240-9F4727A02054}
	EndGlobalSection
EndGlobal
